
Microsoft Visual Studio Solution File, Format Version 12.00
# Visual Studio 15
VisualStudioVersion = 15.0.26730.12
MinimumVisualStudioVersion = 10.0.40219.1
Project("{FAE04EC0-301F-11D3-BF4B-00C04F79EFBC}") = "Lab7csharptest", "Lab7csharptest\Lab7csharptest.csproj", "{CA7218B6-7597-47A8-80C4-E0ED038A1FBC}"
EndProject
Global
	GlobalSection(SolutionConfigurationPlatforms) = preSolution
		Debug|Any CPU = Debug|Any CPU
		Release|Any CPU = Release|Any CPU
	EndGlobalSection
	GlobalSection(ProjectConfigurationPlatforms) = postSolution
		{CA7218B6-7597-47A8-80C4-E0ED038A1FBC}.Debug|Any CPU.ActiveCfg = Debug|Any CPU
		{CA7218B6-7597-47A8-80C4-E0ED038A1FBC}.Debug|Any CPU.Build.0 = Debug|Any CPU
		{CA7218B6-7597-47A8-80C4-E0ED038A1FBC}.Release|Any CPU.ActiveCfg = Release|Any CPU
		{CA7218B6-7597-47A8-80C4-E0ED038A1FBC}.Release|Any CPU.Build.0 = Release|Any CPU
	EndGlobalSection
	GlobalSection(SolutionProperties) = preSolution
		HideSolutionNode = FALSE
	EndGlobalSection
	GlobalSection(ExtensibilityGlobals) = postSolution
		SolutionGuid = {C2906DD1-5A09-467B-BC0C-BD199550EAD5}
	EndGlobalSection
EndGlobal
