
Microsoft Visual Studio Solution File, Format Version 12.00
# Visual Studio 15
VisualStudioVersion = 15.0.26730.12
MinimumVisualStudioVersion = 10.0.40219.1
Project("{8BC9CEB8-8B4A-11D0-8D11-00A0C91BC942}") = "Lab8_runner", "Lab8_runner\Lab8_runner.vcxproj", "{18E8F464-0191-4ECC-A1C0-0D86F242822D}"
EndProject
Global
	GlobalSection(SolutionConfigurationPlatforms) = preSolution
		Debug|x64 = Debug|x64
		Debug|x86 = Debug|x86
		Release|x64 = Release|x64
		Release|x86 = Release|x86
	EndGlobalSection
	GlobalSection(ProjectConfigurationPlatforms) = postSolution
		{18E8F464-0191-4ECC-A1C0-0D86F242822D}.Debug|x64.ActiveCfg = Debug|x64
		{18E8F464-0191-4ECC-A1C0-0D86F242822D}.Debug|x64.Build.0 = Debug|x64
		{18E8F464-0191-4ECC-A1C0-0D86F242822D}.Debug|x86.ActiveCfg = Debug|Win32
		{18E8F464-0191-4ECC-A1C0-0D86F242822D}.Debug|x86.Build.0 = Debug|Win32
		{18E8F464-0191-4ECC-A1C0-0D86F242822D}.Release|x64.ActiveCfg = Release|x64
		{18E8F464-0191-4ECC-A1C0-0D86F242822D}.Release|x64.Build.0 = Release|x64
		{18E8F464-0191-4ECC-A1C0-0D86F242822D}.Release|x86.ActiveCfg = Release|Win32
		{18E8F464-0191-4ECC-A1C0-0D86F242822D}.Release|x86.Build.0 = Release|Win32
	EndGlobalSection
	GlobalSection(SolutionProperties) = preSolution
		HideSolutionNode = FALSE
	EndGlobalSection
	GlobalSection(ExtensibilityGlobals) = postSolution
		SolutionGuid = {D017291A-6B1B-4020-BD3A-68577065C6DD}
	EndGlobalSection
EndGlobal
