
Microsoft Visual Studio Solution File, Format Version 12.00
# Visual Studio 15
VisualStudioVersion = 15.0.26730.12
MinimumVisualStudioVersion = 10.0.40219.1
Project("{8BC9CEB8-8B4A-11D0-8D11-00A0C91BC942}") = "Lab_4", "Lab_4\Lab_4.vcxproj", "{8C3E1C1C-4366-4833-BF01-ABDF194ABF5E}"
EndProject
Global
	GlobalSection(SolutionConfigurationPlatforms) = preSolution
		Debug|x64 = Debug|x64
		Debug|x86 = Debug|x86
		Release|x64 = Release|x64
		Release|x86 = Release|x86
	EndGlobalSection
	GlobalSection(ProjectConfigurationPlatforms) = postSolution
		{8C3E1C1C-4366-4833-BF01-ABDF194ABF5E}.Debug|x64.ActiveCfg = Debug|x64
		{8C3E1C1C-4366-4833-BF01-ABDF194ABF5E}.Debug|x64.Build.0 = Debug|x64
		{8C3E1C1C-4366-4833-BF01-ABDF194ABF5E}.Debug|x86.ActiveCfg = Debug|Win32
		{8C3E1C1C-4366-4833-BF01-ABDF194ABF5E}.Debug|x86.Build.0 = Debug|Win32
		{8C3E1C1C-4366-4833-BF01-ABDF194ABF5E}.Release|x64.ActiveCfg = Release|x64
		{8C3E1C1C-4366-4833-BF01-ABDF194ABF5E}.Release|x64.Build.0 = Release|x64
		{8C3E1C1C-4366-4833-BF01-ABDF194ABF5E}.Release|x86.ActiveCfg = Release|Win32
		{8C3E1C1C-4366-4833-BF01-ABDF194ABF5E}.Release|x86.Build.0 = Release|Win32
	EndGlobalSection
	GlobalSection(SolutionProperties) = preSolution
		HideSolutionNode = FALSE
	EndGlobalSection
	GlobalSection(ExtensibilityGlobals) = postSolution
		SolutionGuid = {C25CB365-DF92-46A3-A17C-6A46D24BBF4D}
	EndGlobalSection
EndGlobal
